
Microsoft Visual Studio Solution File, Format Version 12.00
# Visual Studio Version 17
VisualStudioVersion = 17.14.36212.18 d17.14
MinimumVisualStudioVersion = 10.0.40219.1
Project("{FAE04EC0-301F-11D3-BF4B-00C04F79EFBC}") = "Day 2", "Day 2.csproj", "{27638430-A10E-4882-ADC3-85FCA57AB783}"
EndProject
Global
	GlobalSection(SolutionConfigurationPlatforms) = preSolution
		Debug|Any CPU = Debug|Any CPU
		Release|Any CPU = Release|Any CPU
	EndGlobalSection
	GlobalSection(ProjectConfigurationPlatforms) = postSolution
		{27638430-A10E-4882-ADC3-85FCA57AB783}.Debug|Any CPU.ActiveCfg = Debug|Any CPU
		{27638430-A10E-4882-ADC3-85FCA57AB783}.Debug|Any CPU.Build.0 = Debug|Any CPU
		{27638430-A10E-4882-ADC3-85FCA57AB783}.Release|Any CPU.ActiveCfg = Release|Any CPU
		{27638430-A10E-4882-ADC3-85FCA57AB783}.Release|Any CPU.Build.0 = Release|Any CPU
	EndGlobalSection
	GlobalSection(SolutionProperties) = preSolution
		HideSolutionNode = FALSE
	EndGlobalSection
	GlobalSection(ExtensibilityGlobals) = postSolution
		SolutionGuid = {51ECA75D-A08A-435E-9DC7-4BCE02F226E6}
	EndGlobalSection
EndGlobal
